// !$*UTF8*$!
{
	archiveVersion = 1;
	classes = {
	};
	objectVersion = 48;
	objects = {

/* Begin PBXBuildFile section */
		044F715121421E1A003CB99A /* QL_Maintain_CheckUp_ViewController.swift in Sources */ = {isa = PBXBuildFile; fileRef = 044F714F21421E1A003CB99A /* QL_Maintain_CheckUp_ViewController.swift */; };
		044F715221421E1A003CB99A /* QL_Maintain_CheckUp_ViewController.xib in Resources */ = {isa = PBXBuildFile; fileRef = 044F715021421E1A003CB99A /* QL_Maintain_CheckUp_ViewController.xib */; };
		044F7154214229CB003CB99A /* QL_Check_Cell.xib in Resources */ = {isa = PBXBuildFile; fileRef = 044F7153214229CB003CB99A /* QL_Check_Cell.xib */; };
		044F715721427FC9003CB99A /* QL_Comment_ViewController.swift in Sources */ = {isa = PBXBuildFile; fileRef = 044F715521427FC9003CB99A /* QL_Comment_ViewController.swift */; };
		044F715821427FC9003CB99A /* QL_Comment_ViewController.xib in Resources */ = {isa = PBXBuildFile; fileRef = 044F715621427FC9003CB99A /* QL_Comment_ViewController.xib */; };
		04E7283921410F8100C40CCE /* TG_Cell.xib in Resources */ = {isa = PBXBuildFile; fileRef = 04E7283821410F8100C40CCE /* TG_Cell.xib */; };
		04E7283D214123D100C40CCE /* QL_Common_List_ViewController.swift in Sources */ = {isa = PBXBuildFile; fileRef = 04E7283B214123D100C40CCE /* QL_Common_List_ViewController.swift */; };
		04E7283E214123D100C40CCE /* QL_Common_List_ViewController.xib in Resources */ = {isa = PBXBuildFile; fileRef = 04E7283C214123D100C40CCE /* QL_Common_List_ViewController.xib */; };
		2DD18908589E68B3E352589B /* Pods_QLDT.framework in Frameworks */ = {isa = PBXBuildFile; fileRef = 322D50A53DFEC8CC6483F8F4 /* Pods_QLDT.framework */; };
		FC1BB5912149761F0090D454 /* QL_Map_ViewController.swift in Sources */ = {isa = PBXBuildFile; fileRef = FC1BB58F2149761F0090D454 /* QL_Map_ViewController.swift */; };
		FC1BB5922149761F0090D454 /* QL_Map_ViewController.xib in Resources */ = {isa = PBXBuildFile; fileRef = FC1BB5902149761F0090D454 /* QL_Map_ViewController.xib */; };
		FC4354A42146DE480016A4CB /* QL_Crash_ViewController.swift in Sources */ = {isa = PBXBuildFile; fileRef = FC4354A22146DE480016A4CB /* QL_Crash_ViewController.swift */; };
		FC4354A52146DE480016A4CB /* QL_Crash_ViewController.xib in Resources */ = {isa = PBXBuildFile; fileRef = FC4354A32146DE480016A4CB /* QL_Crash_ViewController.xib */; };
		FC4354A82146E2DA0016A4CB /* QL_List_ViewController.swift in Sources */ = {isa = PBXBuildFile; fileRef = FC4354A62146E2DA0016A4CB /* QL_List_ViewController.swift */; };
		FC4354A92146E2DA0016A4CB /* QL_List_ViewController.xib in Resources */ = {isa = PBXBuildFile; fileRef = FC4354A72146E2DA0016A4CB /* QL_List_ViewController.xib */; };
		FC53869E210C875600F00873 /* AppDelegate.swift in Sources */ = {isa = PBXBuildFile; fileRef = FC53869D210C875600F00873 /* AppDelegate.swift */; };
		FC5386A0210C875600F00873 /* ViewController.swift in Sources */ = {isa = PBXBuildFile; fileRef = FC53869F210C875600F00873 /* ViewController.swift */; };
		FC5386A3210C875600F00873 /* Main.storyboard in Resources */ = {isa = PBXBuildFile; fileRef = FC5386A1210C875600F00873 /* Main.storyboard */; };
		FC5386A8210C875600F00873 /* Assets.xcassets in Resources */ = {isa = PBXBuildFile; fileRef = FC5386A7210C875600F00873 /* Assets.xcassets */; };
		FC5386AB210C875600F00873 /* LaunchScreen.storyboard in Resources */ = {isa = PBXBuildFile; fileRef = FC5386A9210C875600F00873 /* LaunchScreen.storyboard */; };
		FC5386B5210CBB6600F00873 /* QL_LogIn_ViewController.swift in Sources */ = {isa = PBXBuildFile; fileRef = FC5386B3210CBB6600F00873 /* QL_LogIn_ViewController.swift */; };
		FC5386B6210CBB6600F00873 /* QL_LogIn_ViewController.xib in Resources */ = {isa = PBXBuildFile; fileRef = FC5386B4210CBB6600F00873 /* QL_LogIn_ViewController.xib */; };
		FC7257E52147C77900D17A63 /* MNViewController.m in Sources */ = {isa = PBXBuildFile; fileRef = FC7257E42147C77900D17A63 /* MNViewController.m */; };
		FC7257E72147C9F100D17A63 /* MNViewController.xib in Resources */ = {isa = PBXBuildFile; fileRef = FC7257E62147C9F100D17A63 /* MNViewController.xib */; };
		FC84F1D1214D022C0025E213 /* QLDT1.xcdatamodeld in Sources */ = {isa = PBXBuildFile; fileRef = FC84F1CF214D022C0025E213 /* QLDT1.xcdatamodeld */; };
		FC84F1D3214D66EF0025E213 /* drop.plist in Resources */ = {isa = PBXBuildFile; fileRef = FC84F1D2214D66EF0025E213 /* drop.plist */; };
		FC84F1D5214D7B1F0025E213 /* TG_Region_Cell.xib in Resources */ = {isa = PBXBuildFile; fileRef = FC84F1D4214D7B1F0025E213 /* TG_Region_Cell.xib */; };
		FC84F1D7214D7B680025E213 /* region.plist in Resources */ = {isa = PBXBuildFile; fileRef = FC84F1D6214D7B670025E213 /* region.plist */; };
		FC84F1D9214D87370025E213 /* Temp.swift in Sources */ = {isa = PBXBuildFile; fileRef = FC84F1D8214D87370025E213 /* Temp.swift */; };
		FC8E4FF221479F8300588836 /* QL_Input_Cell.xib in Resources */ = {isa = PBXBuildFile; fileRef = FC8E4FF121479F8300588836 /* QL_Input_Cell.xib */; };
		FC8E4FF42147A14B00588836 /* QL_Drop_Cell.xib in Resources */ = {isa = PBXBuildFile; fileRef = FC8E4FF32147A14B00588836 /* QL_Drop_Cell.xib */; };
		FC8E4FF62147A4BC00588836 /* QL_Calendar_Cell.xib in Resources */ = {isa = PBXBuildFile; fileRef = FC8E4FF52147A4BC00588836 /* QL_Calendar_Cell.xib */; };
		FC8E4FF82147A64700588836 /* QL_Location_Cell.xib in Resources */ = {isa = PBXBuildFile; fileRef = FC8E4FF72147A64700588836 /* QL_Location_Cell.xib */; };
		FC8E4FFA2147AD0C00588836 /* QL_Image_Cell.xib in Resources */ = {isa = PBXBuildFile; fileRef = FC8E4FF92147AD0C00588836 /* QL_Image_Cell.xib */; };
		FC935AED210CC2FF0067D480 /* UIViewController+ViewCat.m in Sources */ = {isa = PBXBuildFile; fileRef = FC935AEC210CC2FE0067D480 /* UIViewController+ViewCat.m */; };
		FC935AF0210CC5880067D480 /* TL_ChangeHost_ViewController.swift in Sources */ = {isa = PBXBuildFile; fileRef = FC935AEE210CC5880067D480 /* TL_ChangeHost_ViewController.swift */; };
		FC935AF1210CC5880067D480 /* TL_ChangeHost_ViewController.xib in Resources */ = {isa = PBXBuildFile; fileRef = FC935AEF210CC5880067D480 /* TL_ChangeHost_ViewController.xib */; };
		FC935AF3210CCD750067D480 /* Macro.swift in Sources */ = {isa = PBXBuildFile; fileRef = FC935AF2210CCD750067D480 /* Macro.swift */; };
		FCAF7AC021404BC4007A1181 /* QL_Info_Collector_ViewController.swift in Sources */ = {isa = PBXBuildFile; fileRef = FCAF7ABE21404BC3007A1181 /* QL_Info_Collector_ViewController.swift */; };
		FCAF7AC121404BC4007A1181 /* QL_Info_Collector_ViewController.xib in Resources */ = {isa = PBXBuildFile; fileRef = FCAF7ABF21404BC4007A1181 /* QL_Info_Collector_ViewController.xib */; };
		FCCC3D62213BFD2A0005D519 /* QL_Setting_ViewController.swift in Sources */ = {isa = PBXBuildFile; fileRef = FCCC3D60213BFD290005D519 /* QL_Setting_ViewController.swift */; };
		FCCC3D63213BFD2A0005D519 /* QL_Setting_ViewController.xib in Resources */ = {isa = PBXBuildFile; fileRef = FCCC3D61213BFD2A0005D519 /* QL_Setting_ViewController.xib */; };
		FCCC3D66213C30540005D519 /* QL_Recover_ViewController.swift in Sources */ = {isa = PBXBuildFile; fileRef = FCCC3D64213C30540005D519 /* QL_Recover_ViewController.swift */; };
		FCCC3D67213C30550005D519 /* QL_Recover_ViewController.xib in Resources */ = {isa = PBXBuildFile; fileRef = FCCC3D65213C30540005D519 /* QL_Recover_ViewController.xib */; };
		FCCC3D6E213C51330005D519 /* Layer.swift in Sources */ = {isa = PBXBuildFile; fileRef = FCCC3D6D213C51330005D519 /* Layer.swift */; };
		FCCC3D70213C65BC0005D519 /* Field.swift in Sources */ = {isa = PBXBuildFile; fileRef = FCCC3D6F213C65BC0005D519 /* Field.swift */; };
		FCCC3D72213C6D440005D519 /* Commune.swift in Sources */ = {isa = PBXBuildFile; fileRef = FCCC3D71213C6D440005D519 /* Commune.swift */; };
		FCCC3D74213C6D540005D519 /* District.swift in Sources */ = {isa = PBXBuildFile; fileRef = FCCC3D73213C6D540005D519 /* District.swift */; };
		FCE372F9213AA96D00F79D7A /* Information.swift in Sources */ = {isa = PBXBuildFile; fileRef = FCE372F8213AA96D00F79D7A /* Information.swift */; };
		FCE6173E210EAA3500000438 /* QL_Home_ViewController.xib in Resources */ = {isa = PBXBuildFile; fileRef = FCE6173C210EAA3500000438 /* QL_Home_ViewController.xib */; };
		FCE6173F210EAA3500000438 /* QL_Home_ViewController.swift in Sources */ = {isa = PBXBuildFile; fileRef = FCE6173D210EAA3500000438 /* QL_Home_ViewController.swift */; };
		FCE61743210EAA4600000438 /* TG_Drop_Cell.xib in Resources */ = {isa = PBXBuildFile; fileRef = FCE61740210EAA4600000438 /* TG_Drop_Cell.xib */; };
		FCE61744210EAA4600000438 /* format.plist in Resources */ = {isa = PBXBuildFile; fileRef = FCE61741210EAA4600000438 /* format.plist */; };
		FCE61745210EAA4600000438 /* TG_Image_Cell.xib in Resources */ = {isa = PBXBuildFile; fileRef = FCE61742210EAA4600000438 /* TG_Image_Cell.xib */; };
		FCE61747210EAB0A00000438 /* CoreDataStack.swift in Sources */ = {isa = PBXBuildFile; fileRef = FCE61746210EAB0900000438 /* CoreDataStack.swift */; };
		FCFA5EE021458E15003D5442 /* QL_Comment_Cell.xib in Resources */ = {isa = PBXBuildFile; fileRef = FCFA5EDF21458E15003D5442 /* QL_Comment_Cell.xib */; };
		FCFE39AD214E167F00E85515 /* TG_List_Cell.xib in Resources */ = {isa = PBXBuildFile; fileRef = FCFE39AC214E167F00E85515 /* TG_List_Cell.xib */; };
		FCFE39B1214E60CB00E85515 /* QL_Form_ViewController.swift in Sources */ = {isa = PBXBuildFile; fileRef = FCFE39AF214E60CB00E85515 /* QL_Form_ViewController.swift */; };
		FCFE39B2214E60CB00E85515 /* QL_Form_ViewController.xib in Resources */ = {isa = PBXBuildFile; fileRef = FCFE39B0214E60CB00E85515 /* QL_Form_ViewController.xib */; };
		FCFE39B4214E7F8B00E85515 /* QL_Geo_Cell.xib in Resources */ = {isa = PBXBuildFile; fileRef = FCFE39B3214E7F8B00E85515 /* QL_Geo_Cell.xib */; };
		FCFE39B7214ED10B00E85515 /* QL_Online_ViewController.swift in Sources */ = {isa = PBXBuildFile; fileRef = FCFE39B5214ED10B00E85515 /* QL_Online_ViewController.swift */; };
		FCFE39B8214ED10B00E85515 /* QL_Online_ViewController.xib in Resources */ = {isa = PBXBuildFile; fileRef = FCFE39B6214ED10B00E85515 /* QL_Online_ViewController.xib */; };
/* End PBXBuildFile section */

/* Begin PBXFileReference section */
		044F714F21421E1A003CB99A /* QL_Maintain_CheckUp_ViewController.swift */ = {isa = PBXFileReference; lastKnownFileType = sourcecode.swift; path = QL_Maintain_CheckUp_ViewController.swift; sourceTree = "<group>"; };
		044F715021421E1A003CB99A /* QL_Maintain_CheckUp_ViewController.xib */ = {isa = PBXFileReference; lastKnownFileType = file.xib; path = QL_Maintain_CheckUp_ViewController.xib; sourceTree = "<group>"; };
		044F7153214229CB003CB99A /* QL_Check_Cell.xib */ = {isa = PBXFileReference; lastKnownFileType = file.xib; path = QL_Check_Cell.xib; sourceTree = "<group>"; };
		044F715521427FC9003CB99A /* QL_Comment_ViewController.swift */ = {isa = PBXFileReference; lastKnownFileType = sourcecode.swift; path = QL_Comment_ViewController.swift; sourceTree = "<group>"; };
		044F715621427FC9003CB99A /* QL_Comment_ViewController.xib */ = {isa = PBXFileReference; lastKnownFileType = file.xib; path = QL_Comment_ViewController.xib; sourceTree = "<group>"; };
		04E7283821410F8100C40CCE /* TG_Cell.xib */ = {isa = PBXFileReference; lastKnownFileType = file.xib; path = TG_Cell.xib; sourceTree = "<group>"; };
		04E7283B214123D100C40CCE /* QL_Common_List_ViewController.swift */ = {isa = PBXFileReference; lastKnownFileType = sourcecode.swift; path = QL_Common_List_ViewController.swift; sourceTree = "<group>"; };
		04E7283C214123D100C40CCE /* QL_Common_List_ViewController.xib */ = {isa = PBXFileReference; lastKnownFileType = file.xib; path = QL_Common_List_ViewController.xib; sourceTree = "<group>"; };
		0BD10565D939699D9C0722CC /* Pods-QLDT.release.xcconfig */ = {isa = PBXFileReference; includeInIndex = 1; lastKnownFileType = text.xcconfig; name = "Pods-QLDT.release.xcconfig"; path = "Pods/Target Support Files/Pods-QLDT/Pods-QLDT.release.xcconfig"; sourceTree = "<group>"; };
		322D50A53DFEC8CC6483F8F4 /* Pods_QLDT.framework */ = {isa = PBXFileReference; explicitFileType = wrapper.framework; includeInIndex = 0; path = Pods_QLDT.framework; sourceTree = BUILT_PRODUCTS_DIR; };
		C942F17FE159246DBF6592F9 /* Pods-QLDT.debug.xcconfig */ = {isa = PBXFileReference; includeInIndex = 1; lastKnownFileType = text.xcconfig; name = "Pods-QLDT.debug.xcconfig"; path = "Pods/Target Support Files/Pods-QLDT/Pods-QLDT.debug.xcconfig"; sourceTree = "<group>"; };
		FC1BB58F2149761F0090D454 /* QL_Map_ViewController.swift */ = {isa = PBXFileReference; lastKnownFileType = sourcecode.swift; path = QL_Map_ViewController.swift; sourceTree = "<group>"; };
		FC1BB5902149761F0090D454 /* QL_Map_ViewController.xib */ = {isa = PBXFileReference; lastKnownFileType = file.xib; path = QL_Map_ViewController.xib; sourceTree = "<group>"; };
		FC4354A22146DE480016A4CB /* QL_Crash_ViewController.swift */ = {isa = PBXFileReference; lastKnownFileType = sourcecode.swift; path = QL_Crash_ViewController.swift; sourceTree = "<group>"; };
		FC4354A32146DE480016A4CB /* QL_Crash_ViewController.xib */ = {isa = PBXFileReference; lastKnownFileType = file.xib; path = QL_Crash_ViewController.xib; sourceTree = "<group>"; };
		FC4354A62146E2DA0016A4CB /* QL_List_ViewController.swift */ = {isa = PBXFileReference; lastKnownFileType = sourcecode.swift; path = QL_List_ViewController.swift; sourceTree = "<group>"; };
		FC4354A72146E2DA0016A4CB /* QL_List_ViewController.xib */ = {isa = PBXFileReference; lastKnownFileType = file.xib; path = QL_List_ViewController.xib; sourceTree = "<group>"; };
		FC53869A210C875600F00873 /* QLDT.app */ = {isa = PBXFileReference; explicitFileType = wrapper.application; includeInIndex = 0; path = QLDT.app; sourceTree = BUILT_PRODUCTS_DIR; };
		FC53869D210C875600F00873 /* AppDelegate.swift */ = {isa = PBXFileReference; lastKnownFileType = sourcecode.swift; path = AppDelegate.swift; sourceTree = "<group>"; };
		FC53869F210C875600F00873 /* ViewController.swift */ = {isa = PBXFileReference; lastKnownFileType = sourcecode.swift; path = ViewController.swift; sourceTree = "<group>"; };
		FC5386A2210C875600F00873 /* Base */ = {isa = PBXFileReference; lastKnownFileType = file.storyboard; name = Base; path = Base.lproj/Main.storyboard; sourceTree = "<group>"; };
		FC5386A7210C875600F00873 /* Assets.xcassets */ = {isa = PBXFileReference; lastKnownFileType = folder.assetcatalog; path = Assets.xcassets; sourceTree = "<group>"; };
		FC5386AA210C875600F00873 /* Base */ = {isa = PBXFileReference; lastKnownFileType = file.storyboard; name = Base; path = Base.lproj/LaunchScreen.storyboard; sourceTree = "<group>"; };
		FC5386AC210C875600F00873 /* Info.plist */ = {isa = PBXFileReference; lastKnownFileType = text.plist.xml; path = Info.plist; sourceTree = "<group>"; };
		FC5386B3210CBB6600F00873 /* QL_LogIn_ViewController.swift */ = {isa = PBXFileReference; lastKnownFileType = sourcecode.swift; path = QL_LogIn_ViewController.swift; sourceTree = "<group>"; };
		FC5386B4210CBB6600F00873 /* QL_LogIn_ViewController.xib */ = {isa = PBXFileReference; lastKnownFileType = file.xib; path = QL_LogIn_ViewController.xib; sourceTree = "<group>"; };
		FC7257E32147C77800D17A63 /* MNViewController.h */ = {isa = PBXFileReference; fileEncoding = 4; lastKnownFileType = sourcecode.c.h; path = MNViewController.h; sourceTree = "<group>"; };
		FC7257E42147C77900D17A63 /* MNViewController.m */ = {isa = PBXFileReference; fileEncoding = 4; lastKnownFileType = sourcecode.c.objc; path = MNViewController.m; sourceTree = "<group>"; };
		FC7257E62147C9F100D17A63 /* MNViewController.xib */ = {isa = PBXFileReference; lastKnownFileType = file.xib; path = MNViewController.xib; sourceTree = "<group>"; };
		FC84F1D0214D022C0025E213 /* QLDT1.xcdatamodel */ = {isa = PBXFileReference; lastKnownFileType = wrapper.xcdatamodel; path = QLDT1.xcdatamodel; sourceTree = "<group>"; };
		FC84F1D2214D66EF0025E213 /* drop.plist */ = {isa = PBXFileReference; fileEncoding = 4; lastKnownFileType = text.plist.xml; name = drop.plist; path = QLDT/ViewControllers/drop.plist; sourceTree = SOURCE_ROOT; };
		FC84F1D4214D7B1F0025E213 /* TG_Region_Cell.xib */ = {isa = PBXFileReference; lastKnownFileType = file.xib; path = TG_Region_Cell.xib; sourceTree = "<group>"; };
		FC84F1D6214D7B670025E213 /* region.plist */ = {isa = PBXFileReference; fileEncoding = 4; lastKnownFileType = text.plist.xml; name = region.plist; path = QLDT/ViewControllers/region.plist; sourceTree = SOURCE_ROOT; };
		FC84F1D8214D87370025E213 /* Temp.swift */ = {isa = PBXFileReference; lastKnownFileType = sourcecode.swift; path = Temp.swift; sourceTree = "<group>"; };
		FC8E4FF121479F8300588836 /* QL_Input_Cell.xib */ = {isa = PBXFileReference; lastKnownFileType = file.xib; path = QL_Input_Cell.xib; sourceTree = "<group>"; };
		FC8E4FF32147A14B00588836 /* QL_Drop_Cell.xib */ = {isa = PBXFileReference; lastKnownFileType = file.xib; path = QL_Drop_Cell.xib; sourceTree = "<group>"; };
		FC8E4FF52147A4BC00588836 /* QL_Calendar_Cell.xib */ = {isa = PBXFileReference; lastKnownFileType = file.xib; path = QL_Calendar_Cell.xib; sourceTree = "<group>"; };
		FC8E4FF72147A64700588836 /* QL_Location_Cell.xib */ = {isa = PBXFileReference; lastKnownFileType = file.xib; path = QL_Location_Cell.xib; sourceTree = "<group>"; };
		FC8E4FF92147AD0C00588836 /* QL_Image_Cell.xib */ = {isa = PBXFileReference; lastKnownFileType = file.xib; path = QL_Image_Cell.xib; sourceTree = "<group>"; };
		FC935AEA210CC2FD0067D480 /* QLDT-Bridging-Header.h */ = {isa = PBXFileReference; lastKnownFileType = sourcecode.c.h; path = "QLDT-Bridging-Header.h"; sourceTree = "<group>"; };
		FC935AEB210CC2FE0067D480 /* UIViewController+ViewCat.h */ = {isa = PBXFileReference; fileEncoding = 4; lastKnownFileType = sourcecode.c.h; path = "UIViewController+ViewCat.h"; sourceTree = "<group>"; };
		FC935AEC210CC2FE0067D480 /* UIViewController+ViewCat.m */ = {isa = PBXFileReference; fileEncoding = 4; lastKnownFileType = sourcecode.c.objc; path = "UIViewController+ViewCat.m"; sourceTree = "<group>"; };
		FC935AEE210CC5880067D480 /* TL_ChangeHost_ViewController.swift */ = {isa = PBXFileReference; lastKnownFileType = sourcecode.swift; path = TL_ChangeHost_ViewController.swift; sourceTree = "<group>"; };
		FC935AEF210CC5880067D480 /* TL_ChangeHost_ViewController.xib */ = {isa = PBXFileReference; lastKnownFileType = file.xib; path = TL_ChangeHost_ViewController.xib; sourceTree = "<group>"; };
		FC935AF2210CCD750067D480 /* Macro.swift */ = {isa = PBXFileReference; lastKnownFileType = sourcecode.swift; path = Macro.swift; sourceTree = "<group>"; };
		FCAF7ABE21404BC3007A1181 /* QL_Info_Collector_ViewController.swift */ = {isa = PBXFileReference; lastKnownFileType = sourcecode.swift; path = QL_Info_Collector_ViewController.swift; sourceTree = "<group>"; };
		FCAF7ABF21404BC4007A1181 /* QL_Info_Collector_ViewController.xib */ = {isa = PBXFileReference; lastKnownFileType = file.xib; path = QL_Info_Collector_ViewController.xib; sourceTree = "<group>"; };
		FCCC3D60213BFD290005D519 /* QL_Setting_ViewController.swift */ = {isa = PBXFileReference; lastKnownFileType = sourcecode.swift; path = QL_Setting_ViewController.swift; sourceTree = "<group>"; };
		FCCC3D61213BFD2A0005D519 /* QL_Setting_ViewController.xib */ = {isa = PBXFileReference; lastKnownFileType = file.xib; path = QL_Setting_ViewController.xib; sourceTree = "<group>"; };
		FCCC3D64213C30540005D519 /* QL_Recover_ViewController.swift */ = {isa = PBXFileReference; lastKnownFileType = sourcecode.swift; path = QL_Recover_ViewController.swift; sourceTree = "<group>"; };
		FCCC3D65213C30540005D519 /* QL_Recover_ViewController.xib */ = {isa = PBXFileReference; lastKnownFileType = file.xib; path = QL_Recover_ViewController.xib; sourceTree = "<group>"; };
		FCCC3D6D213C51330005D519 /* Layer.swift */ = {isa = PBXFileReference; lastKnownFileType = sourcecode.swift; path = Layer.swift; sourceTree = "<group>"; };
		FCCC3D6F213C65BC0005D519 /* Field.swift */ = {isa = PBXFileReference; lastKnownFileType = sourcecode.swift; path = Field.swift; sourceTree = "<group>"; };
		FCCC3D71213C6D440005D519 /* Commune.swift */ = {isa = PBXFileReference; lastKnownFileType = sourcecode.swift; path = Commune.swift; sourceTree = "<group>"; };
		FCCC3D73213C6D540005D519 /* District.swift */ = {isa = PBXFileReference; lastKnownFileType = sourcecode.swift; path = District.swift; sourceTree = "<group>"; };
		FCE372F8213AA96D00F79D7A /* Information.swift */ = {isa = PBXFileReference; fileEncoding = 4; lastKnownFileType = sourcecode.swift; path = Information.swift; sourceTree = "<group>"; };
		FCE6173C210EAA3500000438 /* QL_Home_ViewController.xib */ = {isa = PBXFileReference; fileEncoding = 4; lastKnownFileType = file.xib; name = QL_Home_ViewController.xib; path = QLDT/ViewControllers/QL_Home_ViewController.xib; sourceTree = SOURCE_ROOT; };
		FCE6173D210EAA3500000438 /* QL_Home_ViewController.swift */ = {isa = PBXFileReference; fileEncoding = 4; lastKnownFileType = sourcecode.swift; name = QL_Home_ViewController.swift; path = QLDT/ViewControllers/QL_Home_ViewController.swift; sourceTree = SOURCE_ROOT; };
		FCE61740210EAA4600000438 /* TG_Drop_Cell.xib */ = {isa = PBXFileReference; fileEncoding = 4; lastKnownFileType = file.xib; name = TG_Drop_Cell.xib; path = QLDT/ViewControllers/TG_Drop_Cell.xib; sourceTree = SOURCE_ROOT; };
		FCE61741210EAA4600000438 /* format.plist */ = {isa = PBXFileReference; fileEncoding = 4; lastKnownFileType = text.plist.xml; name = format.plist; path = QLDT/ViewControllers/format.plist; sourceTree = SOURCE_ROOT; };
		FCE61742210EAA4600000438 /* TG_Image_Cell.xib */ = {isa = PBXFileReference; fileEncoding = 4; lastKnownFileType = file.xib; name = TG_Image_Cell.xib; path = QLDT/ViewControllers/TG_Image_Cell.xib; sourceTree = SOURCE_ROOT; };
		FCE61746210EAB0900000438 /* CoreDataStack.swift */ = {isa = PBXFileReference; fileEncoding = 4; lastKnownFileType = sourcecode.swift; path = CoreDataStack.swift; sourceTree = "<group>"; };
		FCFA5EDF21458E15003D5442 /* QL_Comment_Cell.xib */ = {isa = PBXFileReference; lastKnownFileType = file.xib; path = QL_Comment_Cell.xib; sourceTree = "<group>"; };
		FCFE39AC214E167F00E85515 /* TG_List_Cell.xib */ = {isa = PBXFileReference; lastKnownFileType = file.xib; path = TG_List_Cell.xib; sourceTree = "<group>"; };
		FCFE39AF214E60CB00E85515 /* QL_Form_ViewController.swift */ = {isa = PBXFileReference; lastKnownFileType = sourcecode.swift; path = QL_Form_ViewController.swift; sourceTree = "<group>"; };
		FCFE39B0214E60CB00E85515 /* QL_Form_ViewController.xib */ = {isa = PBXFileReference; lastKnownFileType = file.xib; path = QL_Form_ViewController.xib; sourceTree = "<group>"; };
		FCFE39B3214E7F8B00E85515 /* QL_Geo_Cell.xib */ = {isa = PBXFileReference; lastKnownFileType = file.xib; path = QL_Geo_Cell.xib; sourceTree = "<group>"; };
		FCFE39B5214ED10B00E85515 /* QL_Online_ViewController.swift */ = {isa = PBXFileReference; lastKnownFileType = sourcecode.swift; path = QL_Online_ViewController.swift; sourceTree = "<group>"; };
		FCFE39B6214ED10B00E85515 /* QL_Online_ViewController.xib */ = {isa = PBXFileReference; lastKnownFileType = file.xib; path = QL_Online_ViewController.xib; sourceTree = "<group>"; };
/* End PBXFileReference section */

/* Begin PBXFrameworksBuildPhase section */
		FC538697210C875600F00873 /* Frameworks */ = {
			isa = PBXFrameworksBuildPhase;
			buildActionMask = 2147483647;
			files = (
				2DD18908589E68B3E352589B /* Pods_QLDT.framework in Frameworks */,
			);
			runOnlyForDeploymentPostprocessing = 0;
		};
/* End PBXFrameworksBuildPhase section */

/* Begin PBXGroup section */
		044F714E21421DD9003CB99A /* Maintain-Checkup */ = {
			isa = PBXGroup;
			children = (
				044F714F21421E1A003CB99A /* QL_Maintain_CheckUp_ViewController.swift */,
				044F715021421E1A003CB99A /* QL_Maintain_CheckUp_ViewController.xib */,
				044F7153214229CB003CB99A /* QL_Check_Cell.xib */,
				044F715521427FC9003CB99A /* QL_Comment_ViewController.swift */,
				044F715621427FC9003CB99A /* QL_Comment_ViewController.xib */,
				FCFA5EDF21458E15003D5442 /* QL_Comment_Cell.xib */,
			);
			path = "Maintain-Checkup";
			sourceTree = "<group>";
		};
		04E7283A214123AB00C40CCE /* Common */ = {
			isa = PBXGroup;
			children = (
				04E7283B214123D100C40CCE /* QL_Common_List_ViewController.swift */,
				04E7283C214123D100C40CCE /* QL_Common_List_ViewController.xib */,
			);
			path = Common;
			sourceTree = "<group>";
		};
		637C09360AB8948283D39DDC /* Pods */ = {
			isa = PBXGroup;
			children = (
				C942F17FE159246DBF6592F9 /* Pods-QLDT.debug.xcconfig */,
				0BD10565D939699D9C0722CC /* Pods-QLDT.release.xcconfig */,
			);
			name = Pods;
			sourceTree = "<group>";
		};
		870BA5345F77A5E7C102366E /* Frameworks */ = {
			isa = PBXGroup;
			children = (
				322D50A53DFEC8CC6483F8F4 /* Pods_QLDT.framework */,
			);
			name = Frameworks;
			sourceTree = "<group>";
		};
		FC4354A12146DDCC0016A4CB /* Faulty-Crash */ = {
			isa = PBXGroup;
			children = (
				FC4354A22146DE480016A4CB /* QL_Crash_ViewController.swift */,
				FC4354A32146DE480016A4CB /* QL_Crash_ViewController.xib */,
				FC4354A62146E2DA0016A4CB /* QL_List_ViewController.swift */,
				FC4354A72146E2DA0016A4CB /* QL_List_ViewController.xib */,
				FC8E4FF121479F8300588836 /* QL_Input_Cell.xib */,
				FC8E4FF32147A14B00588836 /* QL_Drop_Cell.xib */,
				FC8E4FF52147A4BC00588836 /* QL_Calendar_Cell.xib */,
				FC8E4FF72147A64700588836 /* QL_Location_Cell.xib */,
				FCFE39B3214E7F8B00E85515 /* QL_Geo_Cell.xib */,
				FC8E4FF92147AD0C00588836 /* QL_Image_Cell.xib */,
				FC7257E32147C77800D17A63 /* MNViewController.h */,
				FC7257E42147C77900D17A63 /* MNViewController.m */,
				FC7257E62147C9F100D17A63 /* MNViewController.xib */,
				FC1BB58F2149761F0090D454 /* QL_Map_ViewController.swift */,
				FC1BB5902149761F0090D454 /* QL_Map_ViewController.xib */,
			);
			path = "Faulty-Crash";
			sourceTree = "<group>";
		};
		FC538691210C875600F00873 = {
			isa = PBXGroup;
			children = (
				FC53869C210C875600F00873 /* QLDT */,
				FC53869B210C875600F00873 /* Products */,
				637C09360AB8948283D39DDC /* Pods */,
				870BA5345F77A5E7C102366E /* Frameworks */,
			);
			sourceTree = "<group>";
		};
		FC53869B210C875600F00873 /* Products */ = {
			isa = PBXGroup;
			children = (
				FC53869A210C875600F00873 /* QLDT.app */,
			);
			name = Products;
			sourceTree = "<group>";
		};
		FC53869C210C875600F00873 /* QLDT */ = {
			isa = PBXGroup;
			children = (
				FCFE39AE214E609B00E85515 /* InputGroup */,
				FC4354A12146DDCC0016A4CB /* Faulty-Crash */,
				044F714E21421DD9003CB99A /* Maintain-Checkup */,
				04E7283A214123AB00C40CCE /* Common */,
				FCE6173B210EAA2700000438 /* HomViewcontrollers */,
				FC5386B2210CB8B900F00873 /* ViewControllers */,
				FC53869D210C875600F00873 /* AppDelegate.swift */,
				FC53869F210C875600F00873 /* ViewController.swift */,
				FC935AEB210CC2FE0067D480 /* UIViewController+ViewCat.h */,
				FC935AEC210CC2FE0067D480 /* UIViewController+ViewCat.m */,
				FC5386A1210C875600F00873 /* Main.storyboard */,
				FC5386A7210C875600F00873 /* Assets.xcassets */,
				FC5386A9210C875600F00873 /* LaunchScreen.storyboard */,
				FC5386AC210C875600F00873 /* Info.plist */,
				FC84F1CF214D022C0025E213 /* QLDT1.xcdatamodeld */,
				FC935AEA210CC2FD0067D480 /* QLDT-Bridging-Header.h */,
				FCE61746210EAB0900000438 /* CoreDataStack.swift */,
				FCCC3D6D213C51330005D519 /* Layer.swift */,
				FCCC3D71213C6D440005D519 /* Commune.swift */,
				FCCC3D73213C6D540005D519 /* District.swift */,
				FCCC3D6F213C65BC0005D519 /* Field.swift */,
				FC84F1D8214D87370025E213 /* Temp.swift */,
				FC935AF2210CCD750067D480 /* Macro.swift */,
			);
			path = QLDT;
			sourceTree = "<group>";
		};
		FC5386B2210CB8B900F00873 /* ViewControllers */ = {
			isa = PBXGroup;
			children = (
				FC5386B3210CBB6600F00873 /* QL_LogIn_ViewController.swift */,
				FC5386B4210CBB6600F00873 /* QL_LogIn_ViewController.xib */,
				FC935AEE210CC5880067D480 /* TL_ChangeHost_ViewController.swift */,
				FC935AEF210CC5880067D480 /* TL_ChangeHost_ViewController.xib */,
				FCCC3D60213BFD290005D519 /* QL_Setting_ViewController.swift */,
				FCCC3D61213BFD2A0005D519 /* QL_Setting_ViewController.xib */,
				FCCC3D64213C30540005D519 /* QL_Recover_ViewController.swift */,
				FCCC3D65213C30540005D519 /* QL_Recover_ViewController.xib */,
			);
			path = ViewControllers;
			sourceTree = "<group>";
		};
		FCE6173B210EAA2700000438 /* HomViewcontrollers */ = {
			isa = PBXGroup;
			children = (
				FCE372F8213AA96D00F79D7A /* Information.swift */,
				FCE61741210EAA4600000438 /* format.plist */,
				FC84F1D2214D66EF0025E213 /* drop.plist */,
				FC84F1D6214D7B670025E213 /* region.plist */,
				FCFE39AC214E167F00E85515 /* TG_List_Cell.xib */,
				FCE61740210EAA4600000438 /* TG_Drop_Cell.xib */,
				04E7283821410F8100C40CCE /* TG_Cell.xib */,
				FC84F1D4214D7B1F0025E213 /* TG_Region_Cell.xib */,
				FCE61742210EAA4600000438 /* TG_Image_Cell.xib */,
				FCE6173D210EAA3500000438 /* QL_Home_ViewController.swift */,
				FCE6173C210EAA3500000438 /* QL_Home_ViewController.xib */,
				FCAF7ABE21404BC3007A1181 /* QL_Info_Collector_ViewController.swift */,
				FCAF7ABF21404BC4007A1181 /* QL_Info_Collector_ViewController.xib */,
			);
			path = HomViewcontrollers;
			sourceTree = "<group>";
		};
		FCFE39AE214E609B00E85515 /* InputGroup */ = {
			isa = PBXGroup;
			children = (
				FCFE39AF214E60CB00E85515 /* QL_Form_ViewController.swift */,
				FCFE39B0214E60CB00E85515 /* QL_Form_ViewController.xib */,
				FCFE39B5214ED10B00E85515 /* QL_Online_ViewController.swift */,
				FCFE39B6214ED10B00E85515 /* QL_Online_ViewController.xib */,
			);
			path = InputGroup;
			sourceTree = "<group>";
		};
/* End PBXGroup section */

/* Begin PBXNativeTarget section */
		FC538699210C875600F00873 /* QLDT */ = {
			isa = PBXNativeTarget;
			buildConfigurationList = FC5386AF210C875600F00873 /* Build configuration list for PBXNativeTarget "QLDT" */;
			buildPhases = (
				4AAE755B26B8CBFA38D9F700 /* [CP] Check Pods Manifest.lock */,
				FC538696210C875600F00873 /* Sources */,
				FC538697210C875600F00873 /* Frameworks */,
				FC538698210C875600F00873 /* Resources */,
				C4781737E6D91638A7D08F1F /* [CP] Embed Pods Frameworks */,
			);
			buildRules = (
			);
			dependencies = (
			);
			name = QLDT;
			productName = QLDT;
			productReference = FC53869A210C875600F00873 /* QLDT.app */;
			productType = "com.apple.product-type.application";
		};
/* End PBXNativeTarget section */

/* Begin PBXProject section */
		FC538692210C875600F00873 /* Project object */ = {
			isa = PBXProject;
			attributes = {
				LastSwiftUpdateCheck = 0920;
				LastUpgradeCheck = 0920;
				ORGANIZATIONNAME = "Thanh Hai Tran";
				TargetAttributes = {
					FC538699210C875600F00873 = {
						CreatedOnToolsVersion = 9.2;
						LastSwiftMigration = 0920;
						ProvisioningStyle = Manual;
					};
				};
			};
			buildConfigurationList = FC538695210C875600F00873 /* Build configuration list for PBXProject "QLDT" */;
			compatibilityVersion = "Xcode 8.0";
			developmentRegion = en;
			hasScannedForEncodings = 0;
			knownRegions = (
				en,
				Base,
			);
			mainGroup = FC538691210C875600F00873;
			productRefGroup = FC53869B210C875600F00873 /* Products */;
			projectDirPath = "";
			projectRoot = "";
			targets = (
				FC538699210C875600F00873 /* QLDT */,
			);
		};
/* End PBXProject section */

/* Begin PBXResourcesBuildPhase section */
		FC538698210C875600F00873 /* Resources */ = {
			isa = PBXResourcesBuildPhase;
			buildActionMask = 2147483647;
			files = (
				FC84F1D7214D7B680025E213 /* region.plist in Resources */,
				FC5386AB210C875600F00873 /* LaunchScreen.storyboard in Resources */,
				FC8E4FFA2147AD0C00588836 /* QL_Image_Cell.xib in Resources */,
				FCE61745210EAA4600000438 /* TG_Image_Cell.xib in Resources */,
				FC7257E72147C9F100D17A63 /* MNViewController.xib in Resources */,
				FC4354A52146DE480016A4CB /* QL_Crash_ViewController.xib in Resources */,
				FCE61743210EAA4600000438 /* TG_Drop_Cell.xib in Resources */,
				FC5386A8210C875600F00873 /* Assets.xcassets in Resources */,
				FC1BB5922149761F0090D454 /* QL_Map_ViewController.xib in Resources */,
				04E7283E214123D100C40CCE /* QL_Common_List_ViewController.xib in Resources */,
				FCFE39B8214ED10B00E85515 /* QL_Online_ViewController.xib in Resources */,
				FCCC3D67213C30550005D519 /* QL_Recover_ViewController.xib in Resources */,
				FCFA5EE021458E15003D5442 /* QL_Comment_Cell.xib in Resources */,
				FCAF7AC121404BC4007A1181 /* QL_Info_Collector_ViewController.xib in Resources */,
				FCE6173E210EAA3500000438 /* QL_Home_ViewController.xib in Resources */,
				FC84F1D5214D7B1F0025E213 /* TG_Region_Cell.xib in Resources */,
				FC5386A3210C875600F00873 /* Main.storyboard in Resources */,
				044F715821427FC9003CB99A /* QL_Comment_ViewController.xib in Resources */,
				FCFE39B4214E7F8B00E85515 /* QL_Geo_Cell.xib in Resources */,
				FC935AF1210CC5880067D480 /* TL_ChangeHost_ViewController.xib in Resources */,
				FC5386B6210CBB6600F00873 /* QL_LogIn_ViewController.xib in Resources */,
				FC84F1D3214D66EF0025E213 /* drop.plist in Resources */,
				044F7154214229CB003CB99A /* QL_Check_Cell.xib in Resources */,
				FC8E4FF42147A14B00588836 /* QL_Drop_Cell.xib in Resources */,
				FCFE39B2214E60CB00E85515 /* QL_Form_ViewController.xib in Resources */,
				FCFE39AD214E167F00E85515 /* TG_List_Cell.xib in Resources */,
				044F715221421E1A003CB99A /* QL_Maintain_CheckUp_ViewController.xib in Resources */,
				FC8E4FF82147A64700588836 /* QL_Location_Cell.xib in Resources */,
				FC8E4FF221479F8300588836 /* QL_Input_Cell.xib in Resources */,
				FCCC3D63213BFD2A0005D519 /* QL_Setting_ViewController.xib in Resources */,
				FC4354A92146E2DA0016A4CB /* QL_List_ViewController.xib in Resources */,
				FCE61744210EAA4600000438 /* format.plist in Resources */,
				04E7283921410F8100C40CCE /* TG_Cell.xib in Resources */,
				FC8E4FF62147A4BC00588836 /* QL_Calendar_Cell.xib in Resources */,
			);
			runOnlyForDeploymentPostprocessing = 0;
		};
/* End PBXResourcesBuildPhase section */

/* Begin PBXShellScriptBuildPhase section */
		4AAE755B26B8CBFA38D9F700 /* [CP] Check Pods Manifest.lock */ = {
			isa = PBXShellScriptBuildPhase;
			buildActionMask = 2147483647;
			files = (
			);
			inputPaths = (
				"${PODS_PODFILE_DIR_PATH}/Podfile.lock",
				"${PODS_ROOT}/Manifest.lock",
			);
			name = "[CP] Check Pods Manifest.lock";
			outputPaths = (
				"$(DERIVED_FILE_DIR)/Pods-QLDT-checkManifestLockResult.txt",
			);
			runOnlyForDeploymentPostprocessing = 0;
			shellPath = /bin/sh;
			shellScript = "diff \"${PODS_PODFILE_DIR_PATH}/Podfile.lock\" \"${PODS_ROOT}/Manifest.lock\" > /dev/null\nif [ $? != 0 ] ; then\n    # print error to STDERR\n    echo \"error: The sandbox is not in sync with the Podfile.lock. Run 'pod install' or update your CocoaPods installation.\" >&2\n    exit 1\nfi\n# This output is used by Xcode 'outputs' to avoid re-running this script phase.\necho \"SUCCESS\" > \"${SCRIPT_OUTPUT_FILE_0}\"\n";
			showEnvVarsInLog = 0;
		};
		C4781737E6D91638A7D08F1F /* [CP] Embed Pods Frameworks */ = {
			isa = PBXShellScriptBuildPhase;
			buildActionMask = 2147483647;
			files = (
			);
			inputPaths = (
				"${SRCROOT}/Pods/Target Support Files/Pods-QLDT/Pods-QLDT-frameworks.sh",
				"${BUILT_PRODUCTS_DIR}/AFNetworking/AFNetworking.framework",
				"${BUILT_PRODUCTS_DIR}/AVHexColor/AVHexColor.framework",
				"${BUILT_PRODUCTS_DIR}/AllPod/AllPod.framework",
				"${BUILT_PRODUCTS_DIR}/AppAuth/AppAuth.framework",
				"${BUILT_PRODUCTS_DIR}/JSONKit-NoWarning/JSONKit_NoWarning.framework",
				"${BUILT_PRODUCTS_DIR}/MNCalendarView/MNCalendarView.framework",
				"${PODS_ROOT}/Mapbox-iOS-SDK/dynamic/Mapbox.framework",
				"${PODS_ROOT}/Mapbox-iOS-SDK/dynamic/Mapbox.framework.dSYM",
				"${BUILT_PRODUCTS_DIR}/Reachability/Reachability.framework",
				"${BUILT_PRODUCTS_DIR}/SDWebImage/SDWebImage.framework",
				"${BUILT_PRODUCTS_DIR}/SVProgressHUD/SVProgressHUD.framework",
				"${BUILT_PRODUCTS_DIR}/Toast/Toast.framework",
			);
			name = "[CP] Embed Pods Frameworks";
			outputPaths = (
				"${TARGET_BUILD_DIR}/${FRAMEWORKS_FOLDER_PATH}/AFNetworking.framework",
				"${TARGET_BUILD_DIR}/${FRAMEWORKS_FOLDER_PATH}/AVHexColor.framework",
				"${TARGET_BUILD_DIR}/${FRAMEWORKS_FOLDER_PATH}/AllPod.framework",
				"${TARGET_BUILD_DIR}/${FRAMEWORKS_FOLDER_PATH}/AppAuth.framework",
				"${TARGET_BUILD_DIR}/${FRAMEWORKS_FOLDER_PATH}/JSONKit_NoWarning.framework",
				"${TARGET_BUILD_DIR}/${FRAMEWORKS_FOLDER_PATH}/MNCalendarView.framework",
				"${TARGET_BUILD_DIR}/${FRAMEWORKS_FOLDER_PATH}/Mapbox.framework",
				"${DWARF_DSYM_FOLDER_PATH}/Mapbox.framework.dSYM",
				"${TARGET_BUILD_DIR}/${FRAMEWORKS_FOLDER_PATH}/Reachability.framework",
				"${TARGET_BUILD_DIR}/${FRAMEWORKS_FOLDER_PATH}/SDWebImage.framework",
				"${TARGET_BUILD_DIR}/${FRAMEWORKS_FOLDER_PATH}/SVProgressHUD.framework",
				"${TARGET_BUILD_DIR}/${FRAMEWORKS_FOLDER_PATH}/Toast.framework",
			);
			runOnlyForDeploymentPostprocessing = 0;
			shellPath = /bin/sh;
			shellScript = "\"${SRCROOT}/Pods/Target Support Files/Pods-QLDT/Pods-QLDT-frameworks.sh\"\n";
			showEnvVarsInLog = 0;
		};
/* End PBXShellScriptBuildPhase section */

/* Begin PBXSourcesBuildPhase section */
		FC538696210C875600F00873 /* Sources */ = {
			isa = PBXSourcesBuildPhase;
			buildActionMask = 2147483647;
			files = (
				FC4354A82146E2DA0016A4CB /* QL_List_ViewController.swift in Sources */,
				FCFE39B7214ED10B00E85515 /* QL_Online_ViewController.swift in Sources */,
				044F715121421E1A003CB99A /* QL_Maintain_CheckUp_ViewController.swift in Sources */,
				FCAF7AC021404BC4007A1181 /* QL_Info_Collector_ViewController.swift in Sources */,
				04E7283D214123D100C40CCE /* QL_Common_List_ViewController.swift in Sources */,
				FC935AF3210CCD750067D480 /* Macro.swift in Sources */,
				FC1BB5912149761F0090D454 /* QL_Map_ViewController.swift in Sources */,
				FCCC3D72213C6D440005D519 /* Commune.swift in Sources */,
				FCE6173F210EAA3500000438 /* QL_Home_ViewController.swift in Sources */,
				FCCC3D70213C65BC0005D519 /* Field.swift in Sources */,
				FCE61747210EAB0A00000438 /* CoreDataStack.swift in Sources */,
				FCCC3D62213BFD2A0005D519 /* QL_Setting_ViewController.swift in Sources */,
				FC5386A0210C875600F00873 /* ViewController.swift in Sources */,
				FC53869E210C875600F00873 /* AppDelegate.swift in Sources */,
				FCCC3D6E213C51330005D519 /* Layer.swift in Sources */,
				FC5386B5210CBB6600F00873 /* QL_LogIn_ViewController.swift in Sources */,
				FC935AF0210CC5880067D480 /* TL_ChangeHost_ViewController.swift in Sources */,
				FCFE39B1214E60CB00E85515 /* QL_Form_ViewController.swift in Sources */,
				FC4354A42146DE480016A4CB /* QL_Crash_ViewController.swift in Sources */,
				FCE372F9213AA96D00F79D7A /* Information.swift in Sources */,
				FCCC3D66213C30540005D519 /* QL_Recover_ViewController.swift in Sources */,
				FC84F1D1214D022C0025E213 /* QLDT1.xcdatamodeld in Sources */,
				FC935AED210CC2FF0067D480 /* UIViewController+ViewCat.m in Sources */,
				FC7257E52147C77900D17A63 /* MNViewController.m in Sources */,
				FC84F1D9214D87370025E213 /* Temp.swift in Sources */,
				FCCC3D74213C6D540005D519 /* District.swift in Sources */,
				044F715721427FC9003CB99A /* QL_Comment_ViewController.swift in Sources */,
			);
			runOnlyForDeploymentPostprocessing = 0;
		};
/* End PBXSourcesBuildPhase section */

/* Begin PBXVariantGroup section */
		FC5386A1210C875600F00873 /* Main.storyboard */ = {
			isa = PBXVariantGroup;
			children = (
				FC5386A2210C875600F00873 /* Base */,
			);
			name = Main.storyboard;
			sourceTree = "<group>";
		};
		FC5386A9210C875600F00873 /* LaunchScreen.storyboard */ = {
			isa = PBXVariantGroup;
			children = (
				FC5386AA210C875600F00873 /* Base */,
			);
			name = LaunchScreen.storyboard;
			sourceTree = "<group>";
		};
/* End PBXVariantGroup section */

/* Begin XCBuildConfiguration section */
		FC5386AD210C875600F00873 /* Debug */ = {
			isa = XCBuildConfiguration;
			buildSettings = {
				ALWAYS_SEARCH_USER_PATHS = NO;
				CLANG_ANALYZER_NONNULL = YES;
				CLANG_ANALYZER_NUMBER_OBJECT_CONVERSION = YES_AGGRESSIVE;
				CLANG_CXX_LANGUAGE_STANDARD = "gnu++14";
				CLANG_CXX_LIBRARY = "libc++";
				CLANG_ENABLE_MODULES = YES;
				CLANG_ENABLE_OBJC_ARC = YES;
				CLANG_WARN_BLOCK_CAPTURE_AUTORELEASING = YES;
				CLANG_WARN_BOOL_CONVERSION = YES;
				CLANG_WARN_COMMA = YES;
				CLANG_WARN_CONSTANT_CONVERSION = YES;
				CLANG_WARN_DIRECT_OBJC_ISA_USAGE = YES_ERROR;
				CLANG_WARN_DOCUMENTATION_COMMENTS = YES;
				CLANG_WARN_EMPTY_BODY = YES;
				CLANG_WARN_ENUM_CONVERSION = YES;
				CLANG_WARN_INFINITE_RECURSION = YES;
				CLANG_WARN_INT_CONVERSION = YES;
				CLANG_WARN_NON_LITERAL_NULL_CONVERSION = YES;
				CLANG_WARN_OBJC_LITERAL_CONVERSION = YES;
				CLANG_WARN_OBJC_ROOT_CLASS = YES_ERROR;
				CLANG_WARN_RANGE_LOOP_ANALYSIS = YES;
				CLANG_WARN_STRICT_PROTOTYPES = YES;
				CLANG_WARN_SUSPICIOUS_MOVE = YES;
				CLANG_WARN_UNGUARDED_AVAILABILITY = YES_AGGRESSIVE;
				CLANG_WARN_UNREACHABLE_CODE = YES;
				CLANG_WARN__DUPLICATE_METHOD_MATCH = YES;
				CODE_SIGN_IDENTITY = "iPhone Developer";
				COPY_PHASE_STRIP = NO;
				DEBUG_INFORMATION_FORMAT = dwarf;
				ENABLE_STRICT_OBJC_MSGSEND = YES;
				ENABLE_TESTABILITY = YES;
				GCC_C_LANGUAGE_STANDARD = gnu11;
				GCC_DYNAMIC_NO_PIC = NO;
				GCC_NO_COMMON_BLOCKS = YES;
				GCC_OPTIMIZATION_LEVEL = 0;
				GCC_PREPROCESSOR_DEFINITIONS = (
					"DEBUG=1",
					"$(inherited)",
				);
				GCC_WARN_64_TO_32_BIT_CONVERSION = YES;
				GCC_WARN_ABOUT_RETURN_TYPE = YES_ERROR;
				GCC_WARN_UNDECLARED_SELECTOR = YES;
				GCC_WARN_UNINITIALIZED_AUTOS = YES_AGGRESSIVE;
				GCC_WARN_UNUSED_FUNCTION = YES;
				GCC_WARN_UNUSED_VARIABLE = YES;
				IPHONEOS_DEPLOYMENT_TARGET = 11.2;
				MTL_ENABLE_DEBUG_INFO = YES;
				ONLY_ACTIVE_ARCH = YES;
				SDKROOT = iphoneos;
				SWIFT_ACTIVE_COMPILATION_CONDITIONS = DEBUG;
				SWIFT_OPTIMIZATION_LEVEL = "-Onone";
			};
			name = Debug;
		};
		FC5386AE210C875600F00873 /* Release */ = {
			isa = XCBuildConfiguration;
			buildSettings = {
				ALWAYS_SEARCH_USER_PATHS = NO;
				CLANG_ANALYZER_NONNULL = YES;
				CLANG_ANALYZER_NUMBER_OBJECT_CONVERSION = YES_AGGRESSIVE;
				CLANG_CXX_LANGUAGE_STANDARD = "gnu++14";
				CLANG_CXX_LIBRARY = "libc++";
				CLANG_ENABLE_MODULES = YES;
				CLANG_ENABLE_OBJC_ARC = YES;
				CLANG_WARN_BLOCK_CAPTURE_AUTORELEASING = YES;
				CLANG_WARN_BOOL_CONVERSION = YES;
				CLANG_WARN_COMMA = YES;
				CLANG_WARN_CONSTANT_CONVERSION = YES;
				CLANG_WARN_DIRECT_OBJC_ISA_USAGE = YES_ERROR;
				CLANG_WARN_DOCUMENTATION_COMMENTS = YES;
				CLANG_WARN_EMPTY_BODY = YES;
				CLANG_WARN_ENUM_CONVERSION = YES;
				CLANG_WARN_INFINITE_RECURSION = YES;
				CLANG_WARN_INT_CONVERSION = YES;
				CLANG_WARN_NON_LITERAL_NULL_CONVERSION = YES;
				CLANG_WARN_OBJC_LITERAL_CONVERSION = YES;
				CLANG_WARN_OBJC_ROOT_CLASS = YES_ERROR;
				CLANG_WARN_RANGE_LOOP_ANALYSIS = YES;
				CLANG_WARN_STRICT_PROTOTYPES = YES;
				CLANG_WARN_SUSPICIOUS_MOVE = YES;
				CLANG_WARN_UNGUARDED_AVAILABILITY = YES_AGGRESSIVE;
				CLANG_WARN_UNREACHABLE_CODE = YES;
				CLANG_WARN__DUPLICATE_METHOD_MATCH = YES;
				CODE_SIGN_IDENTITY = "iPhone Developer";
				COPY_PHASE_STRIP = NO;
				DEBUG_INFORMATION_FORMAT = "dwarf-with-dsym";
				ENABLE_NS_ASSERTIONS = NO;
				ENABLE_STRICT_OBJC_MSGSEND = YES;
				GCC_C_LANGUAGE_STANDARD = gnu11;
				GCC_NO_COMMON_BLOCKS = YES;
				GCC_WARN_64_TO_32_BIT_CONVERSION = YES;
				GCC_WARN_ABOUT_RETURN_TYPE = YES_ERROR;
				GCC_WARN_UNDECLARED_SELECTOR = YES;
				GCC_WARN_UNINITIALIZED_AUTOS = YES_AGGRESSIVE;
				GCC_WARN_UNUSED_FUNCTION = YES;
				GCC_WARN_UNUSED_VARIABLE = YES;
				IPHONEOS_DEPLOYMENT_TARGET = 11.2;
				MTL_ENABLE_DEBUG_INFO = NO;
				SDKROOT = iphoneos;
				SWIFT_OPTIMIZATION_LEVEL = "-Owholemodule";
				VALIDATE_PRODUCT = YES;
			};
			name = Release;
		};
		FC5386B0210C875600F00873 /* Debug */ = {
			isa = XCBuildConfiguration;
			baseConfigurationReference = C942F17FE159246DBF6592F9 /* Pods-QLDT.debug.xcconfig */;
			buildSettings = {
				ASSETCATALOG_COMPILER_APPICON_NAME = AppIcon;
				CLANG_ALLOW_NON_MODULAR_INCLUDES_IN_FRAMEWORK_MODULES = NO;
				CLANG_ENABLE_MODULES = NO;
				CODE_SIGN_IDENTITY = "iPhone Developer: Nguyen Ngoc Quang (589UWV5PGW)";
				CODE_SIGN_STYLE = Manual;
				DEFINES_MODULE = YES;
				DEVELOPMENT_TEAM = "";
				INFOPLIST_FILE = QLDT/Info.plist;
				IPHONEOS_DEPLOYMENT_TARGET = 10.0;
				LD_RUNPATH_SEARCH_PATHS = "$(inherited) @executable_path/Frameworks";
				PRODUCT_BUNDLE_IDENTIFIER = com.vn.QLDT;
				PRODUCT_NAME = "$(TARGET_NAME)";
				PROVISIONING_PROFILE = "41fc668f-f437-42d1-a0cd-b7aaab40cbfc";
				PROVISIONING_PROFILE_SPECIFIER = AgriWildcard;
				SWIFT_OBJC_BRIDGING_HEADER = "QLDT/QLDT-Bridging-Header.h";
				SWIFT_OPTIMIZATION_LEVEL = "-Onone";
				SWIFT_VERSION = 4.0;
				TARGETED_DEVICE_FAMILY = "1,2";
			};
			name = Debug;
		};
		FC5386B1210C875600F00873 /* Release */ = {
			isa = XCBuildConfiguration;
			baseConfigurationReference = 0BD10565D939699D9C0722CC /* Pods-QLDT.release.xcconfig */;
			buildSettings = {
				ASSETCATALOG_COMPILER_APPICON_NAME = AppIcon;
				CLANG_ALLOW_NON_MODULAR_INCLUDES_IN_FRAMEWORK_MODULES = NO;
				CLANG_ENABLE_MODULES = NO;
				CODE_SIGN_IDENTITY = "iPhone Developer: Nguyen Ngoc Quang (589UWV5PGW)";
				CODE_SIGN_STYLE = Manual;
				DEFINES_MODULE = YES;
				DEVELOPMENT_TEAM = "";
				INFOPLIST_FILE = QLDT/Info.plist;
				IPHONEOS_DEPLOYMENT_TARGET = 10.0;
				LD_RUNPATH_SEARCH_PATHS = "$(inherited) @executable_path/Frameworks";
				PRODUCT_BUNDLE_IDENTIFIER = com.vn.QLDT;
				PRODUCT_NAME = "$(TARGET_NAME)";
				PROVISIONING_PROFILE = "41fc668f-f437-42d1-a0cd-b7aaab40cbfc";
				PROVISIONING_PROFILE_SPECIFIER = AgriWildcard;
				SWIFT_OBJC_BRIDGING_HEADER = "QLDT/QLDT-Bridging-Header.h";
				SWIFT_VERSION = 4.0;
				TARGETED_DEVICE_FAMILY = "1,2";
			};
			name = Release;
		};
/* End XCBuildConfiguration section */

/* Begin XCConfigurationList section */
		FC538695210C875600F00873 /* Build configuration list for PBXProject "QLDT" */ = {
			isa = XCConfigurationList;
			buildConfigurations = (
				FC5386AD210C875600F00873 /* Debug */,
				FC5386AE210C875600F00873 /* Release */,
			);
			defaultConfigurationIsVisible = 0;
			defaultConfigurationName = Release;
		};
		FC5386AF210C875600F00873 /* Build configuration list for PBXNativeTarget "QLDT" */ = {
			isa = XCConfigurationList;
			buildConfigurations = (
				FC5386B0210C875600F00873 /* Debug */,
				FC5386B1210C875600F00873 /* Release */,
			);
			defaultConfigurationIsVisible = 0;
			defaultConfigurationName = Release;
		};
/* End XCConfigurationList section */

/* Begin XCVersionGroup section */
		FC84F1CF214D022C0025E213 /* QLDT1.xcdatamodeld */ = {
			isa = XCVersionGroup;
			children = (
				FC84F1D0214D022C0025E213 /* QLDT1.xcdatamodel */,
			);
			currentVersion = FC84F1D0214D022C0025E213 /* QLDT1.xcdatamodel */;
			path = QLDT1.xcdatamodeld;
			sourceTree = "<group>";
			versionGroupType = wrapper.xcdatamodel;
		};
/* End XCVersionGroup section */
	};
	rootObject = FC538692210C875600F00873 /* Project object */;
}
